
Microsoft Visual Studio Solution File, Format Version 12.00
# Visual Studio Version 16
VisualStudioVersion = 16.0.30204.135
MinimumVisualStudioVersion = 10.0.40219.1
Project("{FAE04EC0-301F-11D3-BF4B-00C04F79EFBC}") = "FluentTest", "FluentTest\FluentTest.csproj", "{D192F7BB-2365-4426-AEFE-5A2737FC29B7}"
EndProject
Global
	GlobalSection(SolutionConfigurationPlatforms) = preSolution
		Debug|Any CPU = Debug|Any CPU
		Release|Any CPU = Release|Any CPU
	EndGlobalSection
	GlobalSection(ProjectConfigurationPlatforms) = postSolution
		{D192F7BB-2365-4426-AEFE-5A2737FC29B7}.Debug|Any CPU.ActiveCfg = Debug|Any CPU
		{D192F7BB-2365-4426-AEFE-5A2737FC29B7}.Debug|Any CPU.Build.0 = Debug|Any CPU
		{D192F7BB-2365-4426-AEFE-5A2737FC29B7}.Release|Any CPU.ActiveCfg = Release|Any CPU
		{D192F7BB-2365-4426-AEFE-5A2737FC29B7}.Release|Any CPU.Build.0 = Release|Any CPU
	EndGlobalSection
	GlobalSection(SolutionProperties) = preSolution
		HideSolutionNode = FALSE
	EndGlobalSection
	GlobalSection(ExtensibilityGlobals) = postSolution
		SolutionGuid = {F90B1316-CE75-4C21-B05C-CF3654155AB6}
	EndGlobalSection
EndGlobal
